
Microsoft Visual Studio Solution File, Format Version 12.00
# Visual Studio Version 16
VisualStudioVersion = 16.0.30517.126
MinimumVisualStudioVersion = 10.0.40219.1
Project("{FAE04EC0-301F-11D3-BF4B-00C04F79EFBC}") = "AssistToPurchase", "AssistToPurchase\AssistToPurchase.csproj", "{947D282E-39BD-47FC-B3E9-A7029E255F95}"
EndProject
Global
	GlobalSection(SolutionConfigurationPlatforms) = preSolution
		Debug|Any CPU = Debug|Any CPU
		Release|Any CPU = Release|Any CPU
	EndGlobalSection
	GlobalSection(ProjectConfigurationPlatforms) = postSolution
		{947D282E-39BD-47FC-B3E9-A7029E255F95}.Debug|Any CPU.ActiveCfg = Debug|Any CPU
		{947D282E-39BD-47FC-B3E9-A7029E255F95}.Debug|Any CPU.Build.0 = Debug|Any CPU
		{947D282E-39BD-47FC-B3E9-A7029E255F95}.Release|Any CPU.ActiveCfg = Release|Any CPU
		{947D282E-39BD-47FC-B3E9-A7029E255F95}.Release|Any CPU.Build.0 = Release|Any CPU
	EndGlobalSection
	GlobalSection(SolutionProperties) = preSolution
		HideSolutionNode = FALSE
	EndGlobalSection
	GlobalSection(ExtensibilityGlobals) = postSolution
		SolutionGuid = {683801DC-41BF-442B-91B6-7CFDC570D1DE}
	EndGlobalSection
EndGlobal
